Microsoft Visual Studio Solution File, Format Version 12.00
# Visual Studio Version 16
VisualStudioVersion = 16.0.30309.148
MinimumVisualStudioVersion = 10.0.40219.1
Project("{FAE04EC0-301F-11D3-BF4B-00C04F79EFBC}") = "CSharpSamples", "CSharpSamples.csproj", "{29BDC663-4524-4258-8621-980288CC6E9F}"
EndProject
Global
	GlobalSection(SolutionConfigurationPlatforms) = preSolution
		Debug|Any CPU = Debug|Any CPU
		Release|Any CPU = Release|Any CPU
	EndGlobalSection
	GlobalSection(ProjectConfigurationPlatforms) = postSolution
		{29BDC663-4524-4258-8621-980288CC6E9F}.Debug|Any CPU.ActiveCfg = Debug|Any CPU
		{29BDC663-4524-4258-8621-980288CC6E9F}.Debug|Any CPU.Build.0 = Debug|Any CPU
		{29BDC663-4524-4258-8621-980288CC6E9F}.Release|Any CPU.ActiveCfg = Release|Any CPU
		{29BDC663-4524-4258-8621-980288CC6E9F}.Release|Any CPU.Build.0 = Release|Any CPU
	EndGlobalSection
	GlobalSection(SolutionProperties) = preSolution
		HideSolutionNode = FALSE
	EndGlobalSection
	GlobalSection(ExtensibilityGlobals) = postSolution
		SolutionGuid = {0F1033D5-0C95-44D7-ADB8-8D536F772355}
	EndGlobalSection
EndGlobal
